// !$*UTF8*$!
{
	archiveVersion = 1;
	classes = {
	};
	objectVersion = 46;
	objects = {

/* Begin PBXBuildFile section */
		676B73A71DAB993300A6A5FC /* main.m in Sources */ = {isa = PBXBuildFile; fileRef = 676B73A61DAB993300A6A5FC /* main.m */; };
		676B73AA1DAB993300A6A5FC /* AppDelegate.m in Sources */ = {isa = PBXBuildFile; fileRef = 676B73A91DAB993300A6A5FC /* AppDelegate.m */; };
		676B73AD1DAB993300A6A5FC /* ViewController.m in Sources */ = {isa = PBXBuildFile; fileRef = 676B73AC1DAB993300A6A5FC /* ViewController.m */; };
		676B73B01DAB993300A6A5FC /* Main.storyboard in Resources */ = {isa = PBXBuildFile; fileRef = 676B73AE1DAB993300A6A5FC /* Main.storyboard */; };
		676B73B21DAB993300A6A5FC /* Assets.xcassets in Resources */ = {isa = PBXBuildFile; fileRef = 676B73B11DAB993300A6A5FC /* Assets.xcassets */; };
		676B73B51DAB993300A6A5FC /* LaunchScreen.storyboard in Resources */ = {isa = PBXBuildFile; fileRef = 676B73B31DAB993300A6A5FC /* LaunchScreen.storyboard */; };
		676B73C01DAB993300A6A5FC /* goldfishTests.m in Sources */ = {isa = PBXBuildFile; fileRef = 676B73BF1DAB993300A6A5FC /* goldfishTests.m */; };
		676B73CB1DAB993300A6A5FC /* goldfishUITests.m in Sources */ = {isa = PBXBuildFile; fileRef = 676B73CA1DAB993300A6A5FC /* goldfishUITests.m */; };
/* End PBXBuildFile section */

/* Begin PBXContainerItemProxy section */
		676B73BC1DAB993300A6A5FC /* PBXContainerItemProxy */ = {
			isa = PBXContainerItemProxy;
			containerPortal = 676B739A1DAB993200A6A5FC /* Project object */;
			proxyType = 1;
			remoteGlobalIDString = 676B73A11DAB993200A6A5FC;
			remoteInfo = goldfish;
		};
		676B73C71DAB993300A6A5FC /* PBXContainerItemProxy */ = {
			isa = PBXContainerItemProxy;
			containerPortal = 676B739A1DAB993200A6A5FC /* Project object */;
			proxyType = 1;
			remoteGlobalIDString = 676B73A11DAB993200A6A5FC;
			remoteInfo = goldfish;
		};
/* End PBXContainerItemProxy section */

/* Begin PBXFileReference section */
		676B73A21DAB993200A6A5FC /* goldfish.app */ = {isa = PBXFileReference; explicitFileType = wrapper.application; includeInIndex = 0; path = goldfish.app; sourceTree = BUILT_PRODUCTS_DIR; };
		676B73A61DAB993300A6A5FC /* main.m */ = {isa = PBXFileReference; lastKnownFileType = sourcecode.c.objc; path = main.m; sourceTree = "<group>"; };
		676B73A81DAB993300A6A5FC /* AppDelegate.h */ = {isa = PBXFileReference; lastKnownFileType = sourcecode.c.h; path = AppDelegate.h; sourceTree = "<group>"; };
		676B73A91DAB993300A6A5FC /* AppDelegate.m */ = {isa = PBXFileReference; lastKnownFileType = sourcecode.c.objc; path = AppDelegate.m; sourceTree = "<group>"; };
		676B73AB1DAB993300A6A5FC /* ViewController.h */ = {isa = PBXFileReference; lastKnownFileType = sourcecode.c.h; path = ViewController.h; sourceTree = "<group>"; };
		676B73AC1DAB993300A6A5FC /* ViewController.m */ = {isa = PBXFileReference; lastKnownFileType = sourcecode.c.objc; path = ViewController.m; sourceTree = "<group>"; };
		676B73AF1DAB993300A6A5FC /* Base */ = {isa = PBXFileReference; lastKnownFileType = file.storyboard; name = Base; path = Base.lproj/Main.storyboard; sourceTree = "<group>"; };
		676B73B11DAB993300A6A5FC /* Assets.xcassets */ = {isa = PBXFileReference; lastKnownFileType = folder.assetcatalog; path = Assets.xcassets; sourceTree = "<group>"; };
		676B73B41DAB993300A6A5FC /* Base */ = {isa = PBXFileReference; lastKnownFileType = file.storyboard; name = Base; path = Base.lproj/LaunchScreen.storyboard; sourceTree = "<group>"; };
		676B73B61DAB993300A6A5FC /* Info.plist */ = {isa = PBXFileReference; lastKnownFileType = text.plist.xml; path = Info.plist; sourceTree = "<group>"; };
		676B73BB1DAB993300A6A5FC /* goldfishTests.xctest */ = {isa = PBXFileReference; explicitFileType = wrapper.cfbundle; includeInIndex = 0; path = goldfishTests.xctest; sourceTree = BUILT_PRODUCTS_DIR; };
		676B73BF1DAB993300A6A5FC /* goldfishTests.m */ = {isa = PBXFileReference; lastKnownFileType = sourcecode.c.objc; path = goldfishTests.m; sourceTree = "<group>"; };
		676B73C11DAB993300A6A5FC /* Info.plist */ = {isa = PBXFileReference; lastKnownFileType = text.plist.xml; path = Info.plist; sourceTree = "<group>"; };
		676B73C61DAB993300A6A5FC /* goldfishUITests.xctest */ = {isa = PBXFileReference; explicitFileType = wrapper.cfbundle; includeInIndex = 0; path = goldfishUITests.xctest; sourceTree = BUILT_PRODUCTS_DIR; };
		676B73CA1DAB993300A6A5FC /* goldfishUITests.m */ = {isa = PBXFileReference; lastKnownFileType = sourcecode.c.objc; path = goldfishUITests.m; sourceTree = "<group>"; };
		676B73CC1DAB993300A6A5FC /* Info.plist */ = {isa = PBXFileReference; lastKnownFileType = text.plist.xml; path = Info.plist; sourceTree = "<group>"; };
/* End PBXFileReference section */

/* Begin PBXFrameworksBuildPhase section */
		676B739F1DAB993200A6A5FC /* Frameworks */ = {
			isa = PBXFrameworksBuildPhase;
			buildActionMask = 2147483647;
			files = (
			);
			runOnlyForDeploymentPostprocessing = 0;
		};
		676B73B81DAB993300A6A5FC /* Frameworks */ = {
			isa = PBXFrameworksBuildPhase;
			buildActionMask = 2147483647;
			files = (
			);
			runOnlyForDeploymentPostprocessing = 0;
		};
		676B73C31DAB993300A6A5FC /* Frameworks */ = {
			isa = PBXFrameworksBuildPhase;
			buildActionMask = 2147483647;
			files = (
			);
			runOnlyForDeploymentPostprocessing = 0;
		};
/* End PBXFrameworksBuildPhase section */

/* Begin PBXGroup section */
		676B73991DAB993200A6A5FC = {
			isa = PBXGroup;
			children = (
				676B73A41DAB993200A6A5FC /* goldfish */,
				676B73BE1DAB993300A6A5FC /* goldfishTests */,
				676B73C91DAB993300A6A5FC /* goldfishUITests */,
				676B73A31DAB993200A6A5FC /* Products */,
			);
			sourceTree = "<group>";
		};
		676B73A31DAB993200A6A5FC /* Products */ = {
			isa = PBXGroup;
			children = (
				676B73A21DAB993200A6A5FC /* goldfish.app */,
				676B73BB1DAB993300A6A5FC /* goldfishTests.xctest */,
				676B73C61DAB993300A6A5FC /* goldfishUITests.xctest */,
			);
			name = Products;
			sourceTree = "<group>";
		};
		676B73A41DAB993200A6A5FC /* goldfish */ = {
			isa = PBXGroup;
			children = (
				676B73A81DAB993300A6A5FC /* AppDelegate.h */,
				676B73A91DAB993300A6A5FC /* AppDelegate.m */,
				676B73AB1DAB993300A6A5FC /* ViewController.h */,
				676B73AC1DAB993300A6A5FC /* ViewController.m */,
				676B73AE1DAB993300A6A5FC /* Main.storyboard */,
				676B73B11DAB993300A6A5FC /* Assets.xcassets */,
				676B73B31DAB993300A6A5FC /* LaunchScreen.storyboard */,
				676B73B61DAB993300A6A5FC /* Info.plist */,
				676B73A51DAB993200A6A5FC /* Supporting Files */,
			);
			path = goldfish;
			sourceTree = "<group>";
		};
		676B73A51DAB993200A6A5FC /* Supporting Files */ = {
			isa = PBXGroup;
			children = (
				676B73A61DAB993300A6A5FC /* main.m */,
			);
			name = "Supporting Files";
			sourceTree = "<group>";
		};
		676B73BE1DAB993300A6A5FC /* goldfishTests */ = {
			isa = PBXGroup;
			children = (
				676B73BF1DAB993300A6A5FC /* goldfishTests.m */,
				676B73C11DAB993300A6A5FC /* Info.plist */,
			);
			path = goldfishTests;
			sourceTree = "<group>";
		};
		676B73C91DAB993300A6A5FC /* goldfishUITests */ = {
			isa = PBXGroup;
			children = (
				676B73CA1DAB993300A6A5FC /* goldfishUITests.m */,
				676B73CC1DAB993300A6A5FC /* Info.plist */,
			);
			path = goldfishUITests;
			sourceTree = "<group>";
		};
/* End PBXGroup section */

/* Begin PBXNativeTarget section */
		676B73A11DAB993200A6A5FC /* goldfish */ = {
			isa = PBXNativeTarget;
			buildConfigurationList = 676B73CF1DAB993300A6A5FC /* Build configuration list for PBXNativeTarget "goldfish" */;
			buildPhases = (
				676B739E1DAB993200A6A5FC /* Sources */,
				676B739F1DAB993200A6A5FC /* Frameworks */,
				676B73A01DAB993200A6A5FC /* Resources */,
			);
			buildRules = (
			);
			dependencies = (
			);
			name = goldfish;
			productName = goldfish;
			productReference = 676B73A21DAB993200A6A5FC /* goldfish.app */;
			productType = "com.apple.product-type.application";
		};
		676B73BA1DAB993300A6A5FC /* goldfishTests */ = {
			isa = PBXNativeTarget;
			buildConfigurationList = 676B73D21DAB993300A6A5FC /* Build configuration list for PBXNativeTarget "goldfishTests" */;
			buildPhases = (
				676B73B71DAB993300A6A5FC /* Sources */,
				676B73B81DAB993300A6A5FC /* Frameworks */,
				676B73B91DAB993300A6A5FC /* Resources */,
			);
			buildRules = (
			);
			dependencies = (
				676B73BD1DAB993300A6A5FC /* PBXTargetDependency */,
			);
			name = goldfishTests;
			productName = goldfishTests;
			productReference = 676B73BB1DAB993300A6A5FC /* goldfishTests.xctest */;
			productType = "com.apple.product-type.bundle.unit-test";
		};
		676B73C51DAB993300A6A5FC /* goldfishUITests */ = {
			isa = PBXNativeTarget;
			buildConfigurationList = 676B73D51DAB993300A6A5FC /* Build configuration list for PBXNativeTarget "goldfishUITests" */;
			buildPhases = (
				676B73C21DAB993300A6A5FC /* Sources */,
				676B73C31DAB993300A6A5FC /* Frameworks */,
				676B73C41DAB993300A6A5FC /* Resources */,
			);
			buildRules = (
			);
			dependencies = (
				676B73C81DAB993300A6A5FC /* PBXTargetDependency */,
			);
			name = goldfishUITests;
			productName = goldfishUITests;
			productReference = 676B73C61DAB993300A6A5FC /* goldfishUITests.xctest */;
			productType = "com.apple.product-type.bundle.ui-testing";
		};
/* End PBXNativeTarget section */

/* Begin PBXProject section */
		676B739A1DAB993200A6A5FC /* Project object */ = {
			isa = PBXProject;
			attributes = {
				LastUpgradeCheck = 0800;
				ORGANIZATIONNAME = "achyut neupane";
				TargetAttributes = {
					676B73A11DAB993200A6A5FC = {
						CreatedOnToolsVersion = 8.0;
						ProvisioningStyle = Automatic;
					};
					676B73BA1DAB993300A6A5FC = {
						CreatedOnToolsVersion = 8.0;
						ProvisioningStyle = Automatic;
						TestTargetID = 676B73A11DAB993200A6A5FC;
					};
					676B73C51DAB993300A6A5FC = {
						CreatedOnToolsVersion = 8.0;
						ProvisioningStyle = Automatic;
						TestTargetID = 676B73A11DAB993200A6A5FC;
					};
				};
			};
			buildConfigurationList = 676B739D1DAB993200A6A5FC /* Build configuration list for PBXProject "goldfish" */;
			compatibilityVersion = "Xcode 3.2";
			developmentRegion = English;
			hasScannedForEncodings = 0;
			knownRegions = (
				en,
				Base,
			);
			mainGroup = 676B73991DAB993200A6A5FC;
			productRefGroup = 676B73A31DAB993200A6A5FC /* Products */;
			projectDirPath = "";
			projectRoot = "";
			targets = (
				676B73A11DAB993200A6A5FC /* goldfish */,
				676B73BA1DAB993300A6A5FC /* goldfishTests */,
				676B73C51DAB993300A6A5FC /* goldfishUITests */,
			);
		};
/* End PBXProject section */

/* Begin PBXResourcesBuildPhase section */
		676B73A01DAB993200A6A5FC /* Resources */ = {
			isa = PBXResourcesBuildPhase;
			buildActionMask = 2147483647;
			files = (
				676B73B51DAB993300A6A5FC /* LaunchScreen.storyboard in Resources */,
				676B73B21DAB993300A6A5FC /* Assets.xcassets in Resources */,
				676B73B01DAB993300A6A5FC /* Main.storyboard in Resources */,
			);
			runOnlyForDeploymentPostprocessing = 0;
		};
		676B73B91DAB993300A6A5FC /* Resources */ = {
			isa = PBXResourcesBuildPhase;
			buildActionMask = 2147483647;
			files = (
			);
			runOnlyForDeploymentPostprocessing = 0;
		};
		676B73C41DAB993300A6A5FC /* Resources */ = {
			isa = PBXResourcesBuildPhase;
			buildActionMask = 2147483647;
			files = (
			);
			runOnlyForDeploymentPostprocessing = 0;
		};
/* End PBXResourcesBuildPhase section */

/* Begin PBXSourcesBuildPhase section */
		676B739E1DAB993200A6A5FC /* Sources */ = {
			isa = PBXSourcesBuildPhase;
			buildActionMask = 2147483647;
			files = (
				676B73AD1DAB993300A6A5FC /* ViewController.m in Sources */,
				676B73AA1DAB993300A6A5FC /* AppDelegate.m in Sources */,
				676B73A71DAB993300A6A5FC /* main.m in Sources */,
			);
			runOnlyForDeploymentPostprocessing = 0;
		};
		676B73B71DAB993300A6A5FC /* Sources */ = {
			isa = PBXSourcesBuildPhase;
			buildActionMask = 2147483647;
			files = (
				676B73C01DAB993300A6A5FC /* goldfishTests.m in Sources */,
			);
			runOnlyForDeploymentPostprocessing = 0;
		};
		676B73C21DAB993300A6A5FC /* Sources */ = {
			isa = PBXSourcesBuildPhase;
			buildActionMask = 2147483647;
			files = (
				676B73CB1DAB993300A6A5FC /* goldfishUITests.m in Sources */,
			);
			runOnlyForDeploymentPostprocessing = 0;
		};
/* End PBXSourcesBuildPhase section */

/* Begin PBXTargetDependency section */
		676B73BD1DAB993300A6A5FC /* PBXTargetDependency */ = {
			isa = PBXTargetDependency;
			target = 676B73A11DAB993200A6A5FC /* goldfish */;
			targetProxy = 676B73BC1DAB993300A6A5FC /* PBXContainerItemProxy */;
		};
		676B73C81DAB993300A6A5FC /* PBXTargetDependency */ = {
			isa = PBXTargetDependency;
			target = 676B73A11DAB993200A6A5FC /* goldfish */;
			targetProxy = 676B73C71DAB993300A6A5FC /* PBXContainerItemProxy */;
		};
/* End PBXTargetDependency section */

/* Begin PBXVariantGroup section */
		676B73AE1DAB993300A6A5FC /* Main.storyboard */ = {
			isa = PBXVariantGroup;
			children = (
				676B73AF1DAB993300A6A5FC /* Base */,
			);
			name = Main.storyboard;
			sourceTree = "<group>";
		};
		676B73B31DAB993300A6A5FC /* LaunchScreen.storyboard */ = {
			isa = PBXVariantGroup;
			children = (
				676B73B41DAB993300A6A5FC /* Base */,
			);
			name = LaunchScreen.storyboard;
			sourceTree = "<group>";
		};
/* End PBXVariantGroup section */

/* Begin XCBuildConfiguration section */
		676B73CD1DAB993300A6A5FC /* Debug */ = {
			isa = XCBuildConfiguration;
			buildSettings = {
				ALWAYS_SEARCH_USER_PATHS = NO;
				CLANG_ANALYZER_NONNULL = YES;
				CLANG_CXX_LANGUAGE_STANDARD = "gnu++0x";
				CLANG_CXX_LIBRARY = "libc++";
				CLANG_ENABLE_MODULES = YES;
				CLANG_ENABLE_OBJC_ARC = YES;
				CLANG_WARN_BOOL_CONVERSION = YES;
				CLANG_WARN_CONSTANT_CONVERSION = YES;
				CLANG_WARN_DIRECT_OBJC_ISA_USAGE = YES_ERROR;
				CLANG_WARN_DOCUMENTATION_COMMENTS = YES;
				CLANG_WARN_EMPTY_BODY = YES;
				CLANG_WARN_ENUM_CONVERSION = YES;
				CLANG_WARN_INFINITE_RECURSION = YES;
				CLANG_WARN_INT_CONVERSION = YES;
				CLANG_WARN_OBJC_ROOT_CLASS = YES_ERROR;
				CLANG_WARN_SUSPICIOUS_MOVES = YES;
				CLANG_WARN_UNREACHABLE_CODE = YES;
				CLANG_WARN__DUPLICATE_METHOD_MATCH = YES;
				"CODE_SIGN_IDENTITY[sdk=iphoneos*]" = "iPhone Developer";
				COPY_PHASE_STRIP = NO;
				DEBUG_INFORMATION_FORMAT = dwarf;
				ENABLE_STRICT_OBJC_MSGSEND = YES;
				ENABLE_TESTABILITY = YES;
				GCC_C_LANGUAGE_STANDARD = gnu99;
				GCC_DYNAMIC_NO_PIC = NO;
				GCC_NO_COMMON_BLOCKS = YES;
				GCC_OPTIMIZATION_LEVEL = 0;
				GCC_PREPROCESSOR_DEFINITIONS = (
					"DEBUG=1",
					"$(inherited)",
				);
				GCC_WARN_64_TO_32_BIT_CONVERSION = YES;
				GCC_WARN_ABOUT_RETURN_TYPE = YES_ERROR;
				GCC_WARN_UNDECLARED_SELECTOR = YES;
				GCC_WARN_UNINITIALIZED_AUTOS = YES_AGGRESSIVE;
				GCC_WARN_UNUSED_FUNCTION = YES;
				GCC_WARN_UNUSED_VARIABLE = YES;
				IPHONEOS_DEPLOYMENT_TARGET = 10.0;
				MTL_ENABLE_DEBUG_INFO = YES;
				ONLY_ACTIVE_ARCH = YES;
				SDKROOT = iphoneos;
			};
			name = Debug;
		};
		676B73CE1DAB993300A6A5FC /* Release */ = {
			isa = XCBuildConfiguration;
			buildSettings = {
				ALWAYS_SEARCH_USER_PATHS = NO;
				CLANG_ANALYZER_NONNULL = YES;
				CLANG_CXX_LANGUAGE_STANDARD = "gnu++0x";
				CLANG_CXX_LIBRARY = "libc++";
				CLANG_ENABLE_MODULES = YES;
				CLANG_ENABLE_OBJC_ARC = YES;
				CLANG_WARN_BOOL_CONVERSION = YES;
				CLANG_WARN_CONSTANT_CONVERSION = YES;
				CLANG_WARN_DIRECT_OBJC_ISA_USAGE = YES_ERROR;
				CLANG_WARN_DOCUMENTATION_COMMENTS = YES;
				CLANG_WARN_EMPTY_BODY = YES;
				CLANG_WARN_ENUM_CONVERSION = YES;
				CLANG_WARN_INFINITE_RECURSION = YES;
				CLANG_WARN_INT_CONVERSION = YES;
				CLANG_WARN_OBJC_ROOT_CLASS = YES_ERROR;
				CLANG_WARN_SUSPICIOUS_MOVES = YES;
				CLANG_WARN_UNREACHABLE_CODE = YES;
				CLANG_WARN__DUPLICATE_METHOD_MATCH = YES;
				"CODE_SIGN_IDENTITY[sdk=iphoneos*]" = "iPhone Developer";
				COPY_PHASE_STRIP = NO;
				DEBUG_INFORMATION_FORMAT = "dwarf-with-dsym";
				ENABLE_NS_ASSERTIONS = NO;
				ENABLE_STRICT_OBJC_MSGSEND = YES;
				GCC_C_LANGUAGE_STANDARD = gnu99;
				GCC_NO_COMMON_BLOCKS = YES;
				GCC_WARN_64_TO_32_BIT_CONVERSION = YES;
				GCC_WARN_ABOUT_RETURN_TYPE = YES_ERROR;
				GCC_WARN_UNDECLARED_SELECTOR = YES;
				GCC_WARN_UNINITIALIZED_AUTOS = YES_AGGRESSIVE;
				GCC_WARN_UNUSED_FUNCTION = YES;
				GCC_WARN_UNUSED_VARIABLE = YES;
				IPHONEOS_DEPLOYMENT_TARGET = 10.0;
				MTL_ENABLE_DEBUG_INFO = NO;
				SDKROOT = iphoneos;
				VALIDATE_PRODUCT = YES;
			};
			name = Release;
		};
		676B73D01DAB993300A6A5FC /* Debug */ = {
			isa = XCBuildConfiguration;
			buildSettings = {
				ASSETCATALOG_COMPILER_APPICON_NAME = AppIcon;
				INFOPLIST_FILE = goldfish/Info.plist;
				LD_RUNPATH_SEARCH_PATHS = "$(inherited) @executable_path/Frameworks";
				PRODUCT_BUNDLE_IDENTIFIER = app.game.ocean.goldfish;
				PRODUCT_NAME = "$(TARGET_NAME)";
			};
			name = Debug;
		};
		676B73D11DAB993300A6A5FC /* Release */ = {
			isa = XCBuildConfiguration;
			buildSettings = {
				ASSETCATALOG_COMPILER_APPICON_NAME = AppIcon;
				INFOPLIST_FILE = goldfish/Info.plist;
				LD_RUNPATH_SEARCH_PATHS = "$(inherited) @executable_path/Frameworks";
				PRODUCT_BUNDLE_IDENTIFIER = app.game.ocean.goldfish;
				PRODUCT_NAME = "$(TARGET_NAME)";
			};
			name = Release;
		};
		676B73D31DAB993300A6A5FC /* Debug */ = {
			isa = XCBuildConfiguration;
			buildSettings = {
				BUNDLE_LOADER = "$(TEST_HOST)";
				INFOPLIST_FILE = goldfishTests/Info.plist;
				LD_RUNPATH_SEARCH_PATHS = "$(inherited) @executable_path/Frameworks @loader_path/Frameworks";
				PRODUCT_BUNDLE_IDENTIFIER = app.game.ocean.goldfishTests;
				PRODUCT_NAME = "$(TARGET_NAME)";
				TEST_HOST = "$(BUILT_PRODUCTS_DIR)/goldfish.app/goldfish";
			};
			name = Debug;
		};
		676B73D41DAB993300A6A5FC /* Release */ = {
			isa = XCBuildConfiguration;
			buildSettings = {
				BUNDLE_LOADER = "$(TEST_HOST)";
				INFOPLIST_FILE = goldfishTests/Info.plist;
				LD_RUNPATH_SEARCH_PATHS = "$(inherited) @executable_path/Frameworks @loader_path/Frameworks";
				PRODUCT_BUNDLE_IDENTIFIER = app.game.ocean.goldfishTests;
				PRODUCT_NAME = "$(TARGET_NAME)";
				TEST_HOST = "$(BUILT_PRODUCTS_DIR)/goldfish.app/goldfish";
			};
			name = Release;
		};
		676B73D61DAB993300A6A5FC /* Debug */ = {
			isa = XCBuildConfiguration;
			buildSettings = {
				INFOPLIST_FILE = goldfishUITests/Info.plist;
				LD_RUNPATH_SEARCH_PATHS = "$(inherited) @executable_path/Frameworks @loader_path/Frameworks";
				PRODUCT_BUNDLE_IDENTIFIER = app.game.ocean.goldfishUITests;
				PRODUCT_NAME = "$(TARGET_NAME)";
				TEST_TARGET_NAME = goldfish;
			};
			name = Debug;
		};
		676B73D71DAB993300A6A5FC /* Release */ = {
			isa = XCBuildConfiguration;
			buildSettings = {
				INFOPLIST_FILE = goldfishUITests/Info.plist;
				LD_RUNPATH_SEARCH_PATHS = "$(inherited) @executable_path/Frameworks @loader_path/Frameworks";
				PRODUCT_BUNDLE_IDENTIFIER = app.game.ocean.goldfishUITests;
				PRODUCT_NAME = "$(TARGET_NAME)";
				TEST_TARGET_NAME = goldfish;
			};
			name = Release;
		};
/* End XCBuildConfiguration section */

/* Begin XCConfigurationList section */
		676B739D1DAB993200A6A5FC /* Build configuration list for PBXProject "goldfish" */ = {
			isa = XCConfigurationList;
			buildConfigurations = (
				676B73CD1DAB993300A6A5FC /* Debug */,
				676B73CE1DAB993300A6A5FC /* Release */,
			);
			defaultConfigurationIsVisible = 0;
			defaultConfigurationName = Release;
		};
		676B73CF1DAB993300A6A5FC /* Build configuration list for PBXNativeTarget "goldfish" */ = {
			isa = XCConfigurationList;
			buildConfigurations = (
				676B73D01DAB993300A6A5FC /* Debug */,
				676B73D11DAB993300A6A5FC /* Release */,
			);
			defaultConfigurationIsVisible = 0;
		};
		676B73D21DAB993300A6A5FC /* Build configuration list for PBXNativeTarget "goldfishTests" */ = {
			isa = XCConfigurationList;
			buildConfigurations = (
				676B73D31DAB993300A6A5FC /* Debug */,
				676B73D41DAB993300A6A5FC /* Release */,
			);
			defaultConfigurationIsVisible = 0;
		};
		676B73D51DAB993300A6A5FC /* Build configuration list for PBXNativeTarget "goldfishUITests" */ = {
			isa = XCConfigurationList;
			buildConfigurations = (
				676B73D61DAB993300A6A5FC /* Debug */,
				676B73D71DAB993300A6A5FC /* Release */,
			);
			defaultConfigurationIsVisible = 0;
		};
/* End XCConfigurationList section */
	};
	rootObject = 676B739A1DAB993200A6A5FC /* Project object */;
}
